
Microsoft Visual Studio Solution File, Format Version 12.00
# Visual Studio Version 17
VisualStudioVersion = 17.7.34003.232
MinimumVisualStudioVersion = 10.0.40219.1
Project("{FAE04EC0-301F-11D3-BF4B-00C04F79EFBC}") = "MVC_Crud_Ajax_Bootstarp_v1", "MVC_Crud_Ajax_Bootstarp_v1\MVC_Crud_Ajax_Bootstarp_v1.csproj", "{31563A04-6672-4781-83D6-C58DA4E2FE85}"
EndProject
Global
	GlobalSection(SolutionConfigurationPlatforms) = preSolution
		Debug|Any CPU = Debug|Any CPU
		Release|Any CPU = Release|Any CPU
	EndGlobalSection
	GlobalSection(ProjectConfigurationPlatforms) = postSolution
		{31563A04-6672-4781-83D6-C58DA4E2FE85}.Debug|Any CPU.ActiveCfg = Debug|Any CPU
		{31563A04-6672-4781-83D6-C58DA4E2FE85}.Debug|Any CPU.Build.0 = Debug|Any CPU
		{31563A04-6672-4781-83D6-C58DA4E2FE85}.Release|Any CPU.ActiveCfg = Release|Any CPU
		{31563A04-6672-4781-83D6-C58DA4E2FE85}.Release|Any CPU.Build.0 = Release|Any CPU
	EndGlobalSection
	GlobalSection(SolutionProperties) = preSolution
		HideSolutionNode = FALSE
	EndGlobalSection
	GlobalSection(ExtensibilityGlobals) = postSolution
		SolutionGuid = {801FA8A4-73C5-47AE-84A8-95CE51479E4D}
	EndGlobalSection
EndGlobal
